
Microsoft Visual Studio Solution File, Format Version 12.00
# Visual Studio 15
VisualStudioVersion = 15.0.27130.2020
MinimumVisualStudioVersion = 10.0.40219.1
Project("{FAE04EC0-301F-11D3-BF4B-00C04F79EFBC}") = "ecs-dev-server", "ecs-dev-server\ecs-dev-server.csproj", "{5F44024D-5E93-44F6-BBD7-C767F8C8902F}"
EndProject
Project("{FAE04EC0-301F-11D3-BF4B-00C04F79EFBC}") = "ecs-dev-server.Tests", "ecs-dev-server.Tests\ecs-dev-server.Tests.csproj", "{6385E072-244C-4E2E-BC86-A0136BD5026B}"
EndProject
Project("{FAE04EC0-301F-11D3-BF4B-00C04F79EFBC}") = "ECS.Services", "ECS.Services\ECS.Services.csproj", "{20363D08-94A8-4DD0-A59A-8D45E01EE92F}"
EndProject
Project("{FAE04EC0-301F-11D3-BF4B-00C04F79EFBC}") = "ECS.Models", "ECS.Models\ECS.Models.csproj", "{341DDE37-C302-49EB-BD65-EEB0804D6D3B}"
EndProject
Project("{FAE04EC0-301F-11D3-BF4B-00C04F79EFBC}") = "ECS.Cors", "ECS.Cors\ECS.Cors.csproj", "{56DD431D-D64B-4F0D-A949-CF7F39A8C6D2}"
EndProject
Project("{2150E333-8FDC-42A3-9474-1A3956D46DE8}") = "Modules", "Modules", "{36F1A723-0029-426F-A32D-67364EEEDA98}"
EndProject
Project("{2150E333-8FDC-42A3-9474-1A3956D46DE8}") = "Tests", "Tests", "{018FDFC3-4822-4015-862C-158A000BFBBE}"
EndProject
Project("{FAE04EC0-301F-11D3-BF4B-00C04F79EFBC}") = "ECS.Services.Tests", "ECS.Services.Tests\ECS.Services.Tests.csproj", "{17D008DE-22B5-4E08-AA01-73A949F9AF10}"
EndProject
Project("{2150E333-8FDC-42A3-9474-1A3956D46DE8}") = "Development", "Development", "{E53851EB-51C0-4D0E-805C-0255A2923B0A}"
EndProject
Project("{FAE04EC0-301F-11D3-BF4B-00C04F79EFBC}") = "ECS.Cors.Tests", "ECS.Cors.Tests\ECS.Cors.Tests.csproj", "{4C04884E-C1D0-4B42-9B43-E18F2AA1D208}"
EndProject
Global
	GlobalSection(SolutionConfigurationPlatforms) = preSolution
		Debug|Any CPU = Debug|Any CPU
		Release|Any CPU = Release|Any CPU
	EndGlobalSection
	GlobalSection(ProjectConfigurationPlatforms) = postSolution
		{5F44024D-5E93-44F6-BBD7-C767F8C8902F}.Debug|Any CPU.ActiveCfg = Debug|Any CPU
		{5F44024D-5E93-44F6-BBD7-C767F8C8902F}.Debug|Any CPU.Build.0 = Debug|Any CPU
		{5F44024D-5E93-44F6-BBD7-C767F8C8902F}.Release|Any CPU.ActiveCfg = Release|Any CPU
		{5F44024D-5E93-44F6-BBD7-C767F8C8902F}.Release|Any CPU.Build.0 = Release|Any CPU
		{6385E072-244C-4E2E-BC86-A0136BD5026B}.Debug|Any CPU.ActiveCfg = Debug|Any CPU
		{6385E072-244C-4E2E-BC86-A0136BD5026B}.Debug|Any CPU.Build.0 = Debug|Any CPU
		{6385E072-244C-4E2E-BC86-A0136BD5026B}.Release|Any CPU.ActiveCfg = Release|Any CPU
		{6385E072-244C-4E2E-BC86-A0136BD5026B}.Release|Any CPU.Build.0 = Release|Any CPU
		{20363D08-94A8-4DD0-A59A-8D45E01EE92F}.Debug|Any CPU.ActiveCfg = Debug|Any CPU
		{20363D08-94A8-4DD0-A59A-8D45E01EE92F}.Debug|Any CPU.Build.0 = Debug|Any CPU
		{20363D08-94A8-4DD0-A59A-8D45E01EE92F}.Release|Any CPU.ActiveCfg = Release|Any CPU
		{20363D08-94A8-4DD0-A59A-8D45E01EE92F}.Release|Any CPU.Build.0 = Release|Any CPU
		{341DDE37-C302-49EB-BD65-EEB0804D6D3B}.Debug|Any CPU.ActiveCfg = Debug|Any CPU
		{341DDE37-C302-49EB-BD65-EEB0804D6D3B}.Debug|Any CPU.Build.0 = Debug|Any CPU
		{341DDE37-C302-49EB-BD65-EEB0804D6D3B}.Release|Any CPU.ActiveCfg = Release|Any CPU
		{341DDE37-C302-49EB-BD65-EEB0804D6D3B}.Release|Any CPU.Build.0 = Release|Any CPU
		{56DD431D-D64B-4F0D-A949-CF7F39A8C6D2}.Debug|Any CPU.ActiveCfg = Debug|Any CPU
		{56DD431D-D64B-4F0D-A949-CF7F39A8C6D2}.Debug|Any CPU.Build.0 = Debug|Any CPU
		{56DD431D-D64B-4F0D-A949-CF7F39A8C6D2}.Release|Any CPU.ActiveCfg = Release|Any CPU
		{56DD431D-D64B-4F0D-A949-CF7F39A8C6D2}.Release|Any CPU.Build.0 = Release|Any CPU
		{17D008DE-22B5-4E08-AA01-73A949F9AF10}.Debug|Any CPU.ActiveCfg = Debug|Any CPU
		{17D008DE-22B5-4E08-AA01-73A949F9AF10}.Debug|Any CPU.Build.0 = Debug|Any CPU
		{17D008DE-22B5-4E08-AA01-73A949F9AF10}.Release|Any CPU.ActiveCfg = Release|Any CPU
		{17D008DE-22B5-4E08-AA01-73A949F9AF10}.Release|Any CPU.Build.0 = Release|Any CPU
		{4C04884E-C1D0-4B42-9B43-E18F2AA1D208}.Debug|Any CPU.ActiveCfg = Debug|Any CPU
		{4C04884E-C1D0-4B42-9B43-E18F2AA1D208}.Debug|Any CPU.Build.0 = Debug|Any CPU
		{4C04884E-C1D0-4B42-9B43-E18F2AA1D208}.Release|Any CPU.ActiveCfg = Release|Any CPU
		{4C04884E-C1D0-4B42-9B43-E18F2AA1D208}.Release|Any CPU.Build.0 = Release|Any CPU
	EndGlobalSection
	GlobalSection(SolutionProperties) = preSolution
		HideSolutionNode = FALSE
	EndGlobalSection
	GlobalSection(NestedProjects) = preSolution
		{5F44024D-5E93-44F6-BBD7-C767F8C8902F} = {E53851EB-51C0-4D0E-805C-0255A2923B0A}
		{6385E072-244C-4E2E-BC86-A0136BD5026B} = {018FDFC3-4822-4015-862C-158A000BFBBE}
		{20363D08-94A8-4DD0-A59A-8D45E01EE92F} = {E53851EB-51C0-4D0E-805C-0255A2923B0A}
		{341DDE37-C302-49EB-BD65-EEB0804D6D3B} = {E53851EB-51C0-4D0E-805C-0255A2923B0A}
		{56DD431D-D64B-4F0D-A949-CF7F39A8C6D2} = {36F1A723-0029-426F-A32D-67364EEEDA98}
		{17D008DE-22B5-4E08-AA01-73A949F9AF10} = {018FDFC3-4822-4015-862C-158A000BFBBE}
		{4C04884E-C1D0-4B42-9B43-E18F2AA1D208} = {018FDFC3-4822-4015-862C-158A000BFBBE}
	EndGlobalSection
	GlobalSection(ExtensibilityGlobals) = postSolution
		SolutionGuid = {2E8A9E73-F5E4-4B89-9BB0-B780742DD564}
	EndGlobalSection
EndGlobal
