
Microsoft Visual Studio Solution File, Format Version 12.00
# Visual Studio 15
VisualStudioVersion = 15.0.27130.2020
MinimumVisualStudioVersion = 10.0.40219.1
Project("{FAE04EC0-301F-11D3-BF4B-00C04F79EFBC}") = "ecs-dev-server", "ecs-dev-server\ecs-dev-server.csproj", "{5F44024D-5E93-44F6-BBD7-C767F8C8902F}"
EndProject
Project("{FAE04EC0-301F-11D3-BF4B-00C04F79EFBC}") = "Models", "Models\Models.csproj", "{F8709347-35B5-44E2-8E52-B21DAA40435A}"
EndProject
Global
	GlobalSection(SolutionConfigurationPlatforms) = preSolution
		Debug|Any CPU = Debug|Any CPU
		Release|Any CPU = Release|Any CPU
	EndGlobalSection
	GlobalSection(ProjectConfigurationPlatforms) = postSolution
		{5F44024D-5E93-44F6-BBD7-C767F8C8902F}.Debug|Any CPU.ActiveCfg = Debug|Any CPU
		{5F44024D-5E93-44F6-BBD7-C767F8C8902F}.Debug|Any CPU.Build.0 = Debug|Any CPU
		{5F44024D-5E93-44F6-BBD7-C767F8C8902F}.Release|Any CPU.ActiveCfg = Release|Any CPU
		{5F44024D-5E93-44F6-BBD7-C767F8C8902F}.Release|Any CPU.Build.0 = Release|Any CPU
		{F8709347-35B5-44E2-8E52-B21DAA40435A}.Debug|Any CPU.ActiveCfg = Debug|Any CPU
		{F8709347-35B5-44E2-8E52-B21DAA40435A}.Debug|Any CPU.Build.0 = Debug|Any CPU
		{F8709347-35B5-44E2-8E52-B21DAA40435A}.Release|Any CPU.ActiveCfg = Release|Any CPU
		{F8709347-35B5-44E2-8E52-B21DAA40435A}.Release|Any CPU.Build.0 = Release|Any CPU
	EndGlobalSection
	GlobalSection(SolutionProperties) = preSolution
		HideSolutionNode = FALSE
	EndGlobalSection
	GlobalSection(ExtensibilityGlobals) = postSolution
		SolutionGuid = {2E8A9E73-F5E4-4B89-9BB0-B780742DD564}
	EndGlobalSection
EndGlobal
